
Microsoft Visual Studio Solution File, Format Version 12.00
# Visual Studio Version 17
VisualStudioVersion = 17.4.33103.184
MinimumVisualStudioVersion = 10.0.40219.1
Project("{FAE04EC0-301F-11D3-BF4B-00C04F79EFBC}") = "TIME_CONVERTER", "TIME_CONVERTER\TIME_CONVERTER.csproj", "{04CF9A07-D295-4734-988B-CB42BBE35B71}"
EndProject
Global
	GlobalSection(SolutionConfigurationPlatforms) = preSolution
		Debug|Any CPU = Debug|Any CPU
		Release|Any CPU = Release|Any CPU
	EndGlobalSection
	GlobalSection(ProjectConfigurationPlatforms) = postSolution
		{04CF9A07-D295-4734-988B-CB42BBE35B71}.Debug|Any CPU.ActiveCfg = Debug|Any CPU
		{04CF9A07-D295-4734-988B-CB42BBE35B71}.Debug|Any CPU.Build.0 = Debug|Any CPU
		{04CF9A07-D295-4734-988B-CB42BBE35B71}.Release|Any CPU.ActiveCfg = Release|Any CPU
		{04CF9A07-D295-4734-988B-CB42BBE35B71}.Release|Any CPU.Build.0 = Release|Any CPU
	EndGlobalSection
	GlobalSection(SolutionProperties) = preSolution
		HideSolutionNode = FALSE
	EndGlobalSection
	GlobalSection(ExtensibilityGlobals) = postSolution
		SolutionGuid = {32D01038-3350-4CAF-8965-002F4B12D543}
	EndGlobalSection
EndGlobal
